
Microsoft Visual Studio Solution File, Format Version 12.00
# Visual Studio Version 17
VisualStudioVersion = 17.4.33110.190
MinimumVisualStudioVersion = 10.0.40219.1
Project("{FAE04EC0-301F-11D3-BF4B-00C04F79EFBC}") = "WebApplication3", "WebApplication3\WebApplication3.csproj", "{2A342402-76A2-4A53-A2D7-1FF60C44E6FD}"
EndProject
Global
	GlobalSection(SolutionConfigurationPlatforms) = preSolution
		Debug|Any CPU = Debug|Any CPU
		Release|Any CPU = Release|Any CPU
	EndGlobalSection
	GlobalSection(ProjectConfigurationPlatforms) = postSolution
		{2A342402-76A2-4A53-A2D7-1FF60C44E6FD}.Debug|Any CPU.ActiveCfg = Debug|Any CPU
		{2A342402-76A2-4A53-A2D7-1FF60C44E6FD}.Debug|Any CPU.Build.0 = Debug|Any CPU
		{2A342402-76A2-4A53-A2D7-1FF60C44E6FD}.Release|Any CPU.ActiveCfg = Release|Any CPU
		{2A342402-76A2-4A53-A2D7-1FF60C44E6FD}.Release|Any CPU.Build.0 = Release|Any CPU
	EndGlobalSection
	GlobalSection(SolutionProperties) = preSolution
		HideSolutionNode = FALSE
	EndGlobalSection
	GlobalSection(ExtensibilityGlobals) = postSolution
		SolutionGuid = {CCE22156-D5F6-433D-B2F5-2706BA8685C7}
	EndGlobalSection
EndGlobal
